
Microsoft Visual Studio Solution File, Format Version 12.00
# Visual Studio 15
VisualStudioVersion = 15.0.27703.2047
MinimumVisualStudioVersion = 10.0.40219.1
Project("{FAE04EC0-301F-11D3-BF4B-00C04F79EFBC}") = "MinecologyProAppModule", "MinecologyProAppModule\MinecologyProAppModule.csproj", "{E444311D-E542-4BEF-A159-29AA0F495B98}"
EndProject
Global
	GlobalSection(SolutionConfigurationPlatforms) = preSolution
		Debug|Any CPU = Debug|Any CPU
		Release|Any CPU = Release|Any CPU
	EndGlobalSection
	GlobalSection(ProjectConfigurationPlatforms) = postSolution
		{E444311D-E542-4BEF-A159-29AA0F495B98}.Debug|Any CPU.ActiveCfg = Debug|Any CPU
		{E444311D-E542-4BEF-A159-29AA0F495B98}.Debug|Any CPU.Build.0 = Debug|Any CPU
		{E444311D-E542-4BEF-A159-29AA0F495B98}.Release|Any CPU.ActiveCfg = Release|Any CPU
		{E444311D-E542-4BEF-A159-29AA0F495B98}.Release|Any CPU.Build.0 = Release|Any CPU
	EndGlobalSection
	GlobalSection(SolutionProperties) = preSolution
		HideSolutionNode = FALSE
	EndGlobalSection
	GlobalSection(ExtensibilityGlobals) = postSolution
		SolutionGuid = {CC59233D-79D6-48BA-9D10-4FD920C159F9}
	EndGlobalSection
EndGlobal
